
Microsoft Visual Studio Solution File, Format Version 12.00
# Visual Studio Version 17
VisualStudioVersion = 17.2.32616.157
MinimumVisualStudioVersion = 10.0.40219.1
Project("{9A19103F-16F7-4668-BE54-9A1E7A4F7556}") = "B4_Bai1_N2_6_Phap", "B4_Bai1_N2_6_Phap\B4_Bai1_N2_6_Phap.csproj", "{B9C62D1D-16E9-45AF-B7B3-3253567C55F2}"
EndProject
Project("{9A19103F-16F7-4668-BE54-9A1E7A4F7556}") = "B4_Bai2_N2_6_Phap", "B4_Bai2_N2_6_Phap\B4_Bai2_N2_6_Phap.csproj", "{14BBC9F9-472A-49F7-9E0A-144D02F4F8A3}"
EndProject
Project("{9A19103F-16F7-4668-BE54-9A1E7A4F7556}") = "B4_Bai4_N2_6_Phap", "B4_Bai4_N2_6_Phap\B4_Bai4_N2_6_Phap.csproj", "{431075BB-5491-4D4E-8027-E19143CA4CAE}"
EndProject
Global
	GlobalSection(SolutionConfigurationPlatforms) = preSolution
		Debug|Any CPU = Debug|Any CPU
		Release|Any CPU = Release|Any CPU
	EndGlobalSection
	GlobalSection(ProjectConfigurationPlatforms) = postSolution
		{B9C62D1D-16E9-45AF-B7B3-3253567C55F2}.Debug|Any CPU.ActiveCfg = Debug|Any CPU
		{B9C62D1D-16E9-45AF-B7B3-3253567C55F2}.Debug|Any CPU.Build.0 = Debug|Any CPU
		{B9C62D1D-16E9-45AF-B7B3-3253567C55F2}.Release|Any CPU.ActiveCfg = Release|Any CPU
		{B9C62D1D-16E9-45AF-B7B3-3253567C55F2}.Release|Any CPU.Build.0 = Release|Any CPU
		{14BBC9F9-472A-49F7-9E0A-144D02F4F8A3}.Debug|Any CPU.ActiveCfg = Debug|Any CPU
		{14BBC9F9-472A-49F7-9E0A-144D02F4F8A3}.Debug|Any CPU.Build.0 = Debug|Any CPU
		{14BBC9F9-472A-49F7-9E0A-144D02F4F8A3}.Release|Any CPU.ActiveCfg = Release|Any CPU
		{14BBC9F9-472A-49F7-9E0A-144D02F4F8A3}.Release|Any CPU.Build.0 = Release|Any CPU
		{431075BB-5491-4D4E-8027-E19143CA4CAE}.Debug|Any CPU.ActiveCfg = Debug|Any CPU
		{431075BB-5491-4D4E-8027-E19143CA4CAE}.Debug|Any CPU.Build.0 = Debug|Any CPU
		{431075BB-5491-4D4E-8027-E19143CA4CAE}.Release|Any CPU.ActiveCfg = Release|Any CPU
		{431075BB-5491-4D4E-8027-E19143CA4CAE}.Release|Any CPU.Build.0 = Release|Any CPU
	EndGlobalSection
	GlobalSection(SolutionProperties) = preSolution
		HideSolutionNode = FALSE
	EndGlobalSection
	GlobalSection(ExtensibilityGlobals) = postSolution
		SolutionGuid = {63060337-8444-428F-BC11-69EA715BF903}
	EndGlobalSection
EndGlobal
