
Microsoft Visual Studio Solution File, Format Version 12.00
# Visual Studio Version 16
VisualStudioVersion = 16.0.33130.400
MinimumVisualStudioVersion = 10.0.40219.1
Project("{9A19103F-16F7-4668-BE54-9A1E7A4F7556}") = "B5_Bai_3_N2_6_Phap", "B5_Bai_3_N2_6_Phap\B5_Bai_3_N2_6_Phap.csproj", "{38F3B5C2-1B60-4ACE-ADE5-0249DA5BA3B3}"
EndProject
Project("{9A19103F-16F7-4668-BE54-9A1E7A4F7556}") = "B5_Bai_4_N2_6_Phap", "B5_Bai_4_N2_6_Phap\B5_Bai_4_N2_6_Phap.csproj", "{B5DE1761-FAF4-4BFA-B905-552C98E9E813}"
EndProject
Project("{FAE04EC0-301F-11D3-BF4B-00C04F79EFBC}") = "B5_Bai_2_N2_6_Phap", "B5_Bai_2_N2_6_Phap\B5_Bai_2_N2_6_Phap.csproj", "{1F760DD4-BE66-40CF-925A-30345C314039}"
EndProject
Global
	GlobalSection(SolutionConfigurationPlatforms) = preSolution
		Debug|Any CPU = Debug|Any CPU
		Release|Any CPU = Release|Any CPU
	EndGlobalSection
	GlobalSection(ProjectConfigurationPlatforms) = postSolution
		{38F3B5C2-1B60-4ACE-ADE5-0249DA5BA3B3}.Debug|Any CPU.ActiveCfg = Debug|Any CPU
		{38F3B5C2-1B60-4ACE-ADE5-0249DA5BA3B3}.Debug|Any CPU.Build.0 = Debug|Any CPU
		{38F3B5C2-1B60-4ACE-ADE5-0249DA5BA3B3}.Release|Any CPU.ActiveCfg = Release|Any CPU
		{38F3B5C2-1B60-4ACE-ADE5-0249DA5BA3B3}.Release|Any CPU.Build.0 = Release|Any CPU
		{B5DE1761-FAF4-4BFA-B905-552C98E9E813}.Debug|Any CPU.ActiveCfg = Debug|Any CPU
		{B5DE1761-FAF4-4BFA-B905-552C98E9E813}.Debug|Any CPU.Build.0 = Debug|Any CPU
		{B5DE1761-FAF4-4BFA-B905-552C98E9E813}.Release|Any CPU.ActiveCfg = Release|Any CPU
		{B5DE1761-FAF4-4BFA-B905-552C98E9E813}.Release|Any CPU.Build.0 = Release|Any CPU
		{1F760DD4-BE66-40CF-925A-30345C314039}.Debug|Any CPU.ActiveCfg = Debug|Any CPU
		{1F760DD4-BE66-40CF-925A-30345C314039}.Debug|Any CPU.Build.0 = Debug|Any CPU
		{1F760DD4-BE66-40CF-925A-30345C314039}.Release|Any CPU.ActiveCfg = Release|Any CPU
		{1F760DD4-BE66-40CF-925A-30345C314039}.Release|Any CPU.Build.0 = Release|Any CPU
	EndGlobalSection
	GlobalSection(SolutionProperties) = preSolution
		HideSolutionNode = FALSE
	EndGlobalSection
	GlobalSection(ExtensibilityGlobals) = postSolution
		SolutionGuid = {841ADCFE-428A-4578-AA1F-B9210013F6D6}
	EndGlobalSection
EndGlobal
